
Microsoft Visual Studio Solution File, Format Version 12.00
# Visual Studio Version 17
VisualStudioVersion = 17.3.32819.101
MinimumVisualStudioVersion = 10.0.40219.1
Project("{9A19103F-16F7-4668-BE54-9A1E7A4F7556}") = "EFCoreWebDemo.Web", "EFCoreWebDemo.Web\EFCoreWebDemo.Web.csproj", "{DCDF2ABA-64B4-4E2C-AD57-66D1EAD51F8F}"
EndProject
Project("{FAE04EC0-301F-11D3-BF4B-00C04F79EFBC}") = "EFCoreWebDemo.Data", "EFCoreWebDemo.Data\EFCoreWebDemo.Data.csproj", "{94B3BDBC-E7C7-4D16-8E3E-F7C23C57B3D2}"
EndProject
Global
	GlobalSection(SolutionConfigurationPlatforms) = preSolution
		Debug|Any CPU = Debug|Any CPU
		Release|Any CPU = Release|Any CPU
	EndGlobalSection
	GlobalSection(ProjectConfigurationPlatforms) = postSolution
		{DCDF2ABA-64B4-4E2C-AD57-66D1EAD51F8F}.Debug|Any CPU.ActiveCfg = Debug|Any CPU
		{DCDF2ABA-64B4-4E2C-AD57-66D1EAD51F8F}.Debug|Any CPU.Build.0 = Debug|Any CPU
		{DCDF2ABA-64B4-4E2C-AD57-66D1EAD51F8F}.Release|Any CPU.ActiveCfg = Release|Any CPU
		{DCDF2ABA-64B4-4E2C-AD57-66D1EAD51F8F}.Release|Any CPU.Build.0 = Release|Any CPU
		{94B3BDBC-E7C7-4D16-8E3E-F7C23C57B3D2}.Debug|Any CPU.ActiveCfg = Debug|Any CPU
		{94B3BDBC-E7C7-4D16-8E3E-F7C23C57B3D2}.Debug|Any CPU.Build.0 = Debug|Any CPU
		{94B3BDBC-E7C7-4D16-8E3E-F7C23C57B3D2}.Release|Any CPU.ActiveCfg = Release|Any CPU
		{94B3BDBC-E7C7-4D16-8E3E-F7C23C57B3D2}.Release|Any CPU.Build.0 = Release|Any CPU
	EndGlobalSection
	GlobalSection(SolutionProperties) = preSolution
		HideSolutionNode = FALSE
	EndGlobalSection
	GlobalSection(ExtensibilityGlobals) = postSolution
		SolutionGuid = {3B37936B-ED60-4F21-829C-9F130A9B09BE}
	EndGlobalSection
EndGlobal
